// !$*UTF8*$!
{
	archiveVersion = 1;
	classes = {
	};
	objectVersion = 46;
	objects = {

/* Begin PBXBuildFile section */
		EB37D6AF1AFD1A670079438D /* ExamplesDefaults.swift in Sources */ = {isa = PBXBuildFile; fileRef = EB37D6AE1AFD1A670079438D /* ExamplesDefaults.swift */; };
		EB37D6B11AFD1AA10079438D /* Env.swift in Sources */ = {isa = PBXBuildFile; fileRef = EB37D6B01AFD1AA10079438D /* Env.swift */; };
		EB51EB181B02919B0083E052 /* Main_iPhone.storyboard in Resources */ = {isa = PBXBuildFile; fileRef = EB51EB171B02919B0083E052 /* Main_iPhone.storyboard */; };
		EB51EB1A1B02949C0083E052 /* Default-568h@2x.png in Resources */ = {isa = PBXBuildFile; fileRef = EB51EB191B02949C0083E052 /* Default-568h@2x.png */; };
		EB5DB6581AFD084A00569E59 /* AppDelegate.swift in Sources */ = {isa = PBXBuildFile; fileRef = EB5DB6571AFD084A00569E59 /* AppDelegate.swift */; };
		EB5DB65A1AFD084A00569E59 /* MasterViewController.swift in Sources */ = {isa = PBXBuildFile; fileRef = EB5DB6591AFD084A00569E59 /* MasterViewController.swift */; };
		EB5DB65C1AFD084A00569E59 /* DetailViewController.swift in Sources */ = {isa = PBXBuildFile; fileRef = EB5DB65B1AFD084A00569E59 /* DetailViewController.swift */; };
		EB5DB65F1AFD084A00569E59 /* Main.storyboard in Resources */ = {isa = PBXBuildFile; fileRef = EB5DB65D1AFD084A00569E59 /* Main.storyboard */; };
		EB5DB6611AFD084A00569E59 /* Images.xcassets in Resources */ = {isa = PBXBuildFile; fileRef = EB5DB6601AFD084A00569E59 /* Images.xcassets */; };
		EB5DB6641AFD084A00569E59 /* LaunchScreen.xib in Resources */ = {isa = PBXBuildFile; fileRef = EB5DB6621AFD084A00569E59 /* LaunchScreen.xib */; };
		EB5DB6701AFD084A00569E59 /* ExamplesTests.swift in Sources */ = {isa = PBXBuildFile; fileRef = EB5DB66F1AFD084A00569E59 /* ExamplesTests.swift */; };
		EB5DB68C1AFD08AD00569E59 /* AreasExample.swift in Sources */ = {isa = PBXBuildFile; fileRef = EB5DB67A1AFD08AD00569E59 /* AreasExample.swift */; };
		EB5DB68D1AFD08AD00569E59 /* BarsAndLinesExample.swift in Sources */ = {isa = PBXBuildFile; fileRef = EB5DB67B1AFD08AD00569E59 /* BarsAndLinesExample.swift */; };
		EB5DB68F1AFD08AD00569E59 /* CandleStickExample.swift in Sources */ = {isa = PBXBuildFile; fileRef = EB5DB67D1AFD08AD00569E59 /* CandleStickExample.swift */; };
		EB5DB6901AFD08AD00569E59 /* CandleStickInteractiveExample.swift in Sources */ = {isa = PBXBuildFile; fileRef = EB5DB67E1AFD08AD00569E59 /* CandleStickInteractiveExample.swift */; };
		EB5DB6911AFD08AD00569E59 /* CoordsExample.swift in Sources */ = {isa = PBXBuildFile; fileRef = EB5DB67F1AFD08AD00569E59 /* CoordsExample.swift */; };
		EB5DB6921AFD08AD00569E59 /* CubicLinesExample.swift in Sources */ = {isa = PBXBuildFile; fileRef = EB5DB6801AFD08AD00569E59 /* CubicLinesExample.swift */; };
		EB5DB6931AFD08AD00569E59 /* CustomUnitsExample.swift in Sources */ = {isa = PBXBuildFile; fileRef = EB5DB6811AFD08AD00569E59 /* CustomUnitsExample.swift */; };
		EB5DB6941AFD08AD00569E59 /* EqualSpacingExample.swift in Sources */ = {isa = PBXBuildFile; fileRef = EB5DB6821AFD08AD00569E59 /* EqualSpacingExample.swift */; };
		EB5DB6951AFD08AD00569E59 /* HelloWorld.swift in Sources */ = {isa = PBXBuildFile; fileRef = EB5DB6831AFD08AD00569E59 /* HelloWorld.swift */; };
		EB5DB6961AFD08AD00569E59 /* MultipleAxesExample.swift in Sources */ = {isa = PBXBuildFile; fileRef = EB5DB6841AFD08AD00569E59 /* MultipleAxesExample.swift */; };
		EB5DB6971AFD08AD00569E59 /* MultipleAxesInteractiveExample.swift in Sources */ = {isa = PBXBuildFile; fileRef = EB5DB6851AFD08AD00569E59 /* MultipleAxesInteractiveExample.swift */; };
		EB5DB6981AFD08AD00569E59 /* MultipleLabelsExample.swift in Sources */ = {isa = PBXBuildFile; fileRef = EB5DB6861AFD08AD00569E59 /* MultipleLabelsExample.swift */; };
		EB5DB6991AFD08AD00569E59 /* NotificationsExample.swift in Sources */ = {isa = PBXBuildFile; fileRef = EB5DB6871AFD08AD00569E59 /* NotificationsExample.swift */; };
		EB5DB69A1AFD08AD00569E59 /* NotNumericExample.swift in Sources */ = {isa = PBXBuildFile; fileRef = EB5DB6881AFD08AD00569E59 /* NotNumericExample.swift */; };
		EB5DB69B1AFD08AD00569E59 /* ScrollExample.swift in Sources */ = {isa = PBXBuildFile; fileRef = EB5DB6891AFD08AD00569E59 /* ScrollExample.swift */; };
		EB5DB69C1AFD08AD00569E59 /* TargetExample.swift in Sources */ = {isa = PBXBuildFile; fileRef = EB5DB68A1AFD08AD00569E59 /* TargetExample.swift */; };
		EB5DB69D1AFD08AD00569E59 /* TrackerExample.swift in Sources */ = {isa = PBXBuildFile; fileRef = EB5DB68B1AFD08AD00569E59 /* TrackerExample.swift */; };
		EB5DC0D41B06792F001FD5A8 /* ChartStackedBarsLayer.swift in Sources */ = {isa = PBXBuildFile; fileRef = EB5DC0D31B06792F001FD5A8 /* ChartStackedBarsLayer.swift */; };
		EB5DC0D61B06995A001FD5A8 /* StackedBarsExample.swift in Sources */ = {isa = PBXBuildFile; fileRef = EB5DC0D51B06995A001FD5A8 /* StackedBarsExample.swift */; };
		EB5DC0D81B0789CD001FD5A8 /* ChartPointsBubbleLayer.swift in Sources */ = {isa = PBXBuildFile; fileRef = EB5DC0D71B0789CD001FD5A8 /* ChartPointsBubbleLayer.swift */; };
		EB5DC0DA1B078EE3001FD5A8 /* BubbleExample.swift in Sources */ = {isa = PBXBuildFile; fileRef = EB5DC0D91B078EE3001FD5A8 /* BubbleExample.swift */; };
		EB5DC0DC1B086DE1001FD5A8 /* ChartPointBubble.swift in Sources */ = {isa = PBXBuildFile; fileRef = EB5DC0DB1B086DE1001FD5A8 /* ChartPointBubble.swift */; };
		EB5DC0DE1B086F93001FD5A8 /* ChartPointsScatterLayer.swift in Sources */ = {isa = PBXBuildFile; fileRef = EB5DC0DD1B086F93001FD5A8 /* ChartPointsScatterLayer.swift */; };
		EB5DC0E01B08739C001FD5A8 /* ScatterExample.swift in Sources */ = {isa = PBXBuildFile; fileRef = EB5DC0DF1B08739C001FD5A8 /* ScatterExample.swift */; };
		EB5DC10F1B091FCC001FD5A8 /* ChartBarsLayer.swift in Sources */ = {isa = PBXBuildFile; fileRef = EB5DC10E1B091FCC001FD5A8 /* ChartBarsLayer.swift */; };
		EB5DC1111B094108001FD5A8 /* BarsPlusMinusWithGradientExample.swift in Sources */ = {isa = PBXBuildFile; fileRef = EB5DC1101B094108001FD5A8 /* BarsPlusMinusWithGradientExample.swift */; };
		EBC533471B00F02600D10448 /* ChartAxisLabel.swift in Sources */ = {isa = PBXBuildFile; fileRef = EBC5330D1B00F02600D10448 /* ChartAxisLabel.swift */; };
		EBC533481B00F02600D10448 /* ChartAxisLayer.swift in Sources */ = {isa = PBXBuildFile; fileRef = EBC5330E1B00F02600D10448 /* ChartAxisLayer.swift */; };
		EBC533491B00F02600D10448 /* ChartAxisLayerDefault.swift in Sources */ = {isa = PBXBuildFile; fileRef = EBC5330F1B00F02600D10448 /* ChartAxisLayerDefault.swift */; };
		EBC5334A1B00F02600D10448 /* ChartAxisModel.swift in Sources */ = {isa = PBXBuildFile; fileRef = EBC533101B00F02600D10448 /* ChartAxisModel.swift */; };
		EBC5334B1B00F02600D10448 /* ChartAxisValuesGenerator.swift in Sources */ = {isa = PBXBuildFile; fileRef = EBC533111B00F02600D10448 /* ChartAxisValuesGenerator.swift */; };
		EBC5334C1B00F02600D10448 /* ChartAxisXHighLayerDefault.swift in Sources */ = {isa = PBXBuildFile; fileRef = EBC533121B00F02600D10448 /* ChartAxisXHighLayerDefault.swift */; };
		EBC5334D1B00F02600D10448 /* ChartAxisXLayerDefault.swift in Sources */ = {isa = PBXBuildFile; fileRef = EBC533131B00F02600D10448 /* ChartAxisXLayerDefault.swift */; };
		EBC5334E1B00F02600D10448 /* ChartAxisXLowLayerDefault.swift in Sources */ = {isa = PBXBuildFile; fileRef = EBC533141B00F02600D10448 /* ChartAxisXLowLayerDefault.swift */; };
		EBC5334F1B00F02600D10448 /* ChartAxisYHighLayerDefault.swift in Sources */ = {isa = PBXBuildFile; fileRef = EBC533151B00F02600D10448 /* ChartAxisYHighLayerDefault.swift */; };
		EBC533501B00F02600D10448 /* ChartAxisYLayerDefault.swift in Sources */ = {isa = PBXBuildFile; fileRef = EBC533161B00F02600D10448 /* ChartAxisYLayerDefault.swift */; };
		EBC533511B00F02600D10448 /* ChartAxisYLowLayerDefault.swift in Sources */ = {isa = PBXBuildFile; fileRef = EBC533171B00F02600D10448 /* ChartAxisYLowLayerDefault.swift */; };
		EBC533521B00F02600D10448 /* ChartAxisValue.swift in Sources */ = {isa = PBXBuildFile; fileRef = EBC533191B00F02600D10448 /* ChartAxisValue.swift */; };
		EBC533531B00F02600D10448 /* ChartAxisValueDate.swift in Sources */ = {isa = PBXBuildFile; fileRef = EBC5331A1B00F02600D10448 /* ChartAxisValueDate.swift */; };
		EBC533541B00F02600D10448 /* ChartAxisValueFloat.swift in Sources */ = {isa = PBXBuildFile; fileRef = EBC5331B1B00F02600D10448 /* ChartAxisValueFloat.swift */; };
		EBC533551B00F02600D10448 /* ChartAxisValueFloatScreenLoc.swift in Sources */ = {isa = PBXBuildFile; fileRef = EBC5331C1B00F02600D10448 /* ChartAxisValueFloatScreenLoc.swift */; };
		EBC533561B00F02600D10448 /* ChartAxisValueInt.swift in Sources */ = {isa = PBXBuildFile; fileRef = EBC5331D1B00F02600D10448 /* ChartAxisValueInt.swift */; };
		EBC533571B00F02600D10448 /* ChartAxisValueString.swift in Sources */ = {isa = PBXBuildFile; fileRef = EBC5331E1B00F02600D10448 /* ChartAxisValueString.swift */; };
		EBC533581B00F02600D10448 /* Chart.swift in Sources */ = {isa = PBXBuildFile; fileRef = EBC5331F1B00F02600D10448 /* Chart.swift */; };
		EBC533591B00F02600D10448 /* ChartCoordsSpace.swift in Sources */ = {isa = PBXBuildFile; fileRef = EBC533201B00F02600D10448 /* ChartCoordsSpace.swift */; };
		EBC5335A1B00F02600D10448 /* ChartLineModel.swift in Sources */ = {isa = PBXBuildFile; fileRef = EBC533211B00F02600D10448 /* ChartLineModel.swift */; };
		EBC5335B1B00F02600D10448 /* ChartPoint.swift in Sources */ = {isa = PBXBuildFile; fileRef = EBC533231B00F02600D10448 /* ChartPoint.swift */; };
		EBC5335C1B00F02600D10448 /* ChartPointCandleStick.swift in Sources */ = {isa = PBXBuildFile; fileRef = EBC533241B00F02600D10448 /* ChartPointCandleStick.swift */; };
		EBC5335D1B00F02600D10448 /* ChartUtils.swift in Sources */ = {isa = PBXBuildFile; fileRef = EBC533251B00F02600D10448 /* ChartUtils.swift */; };
		EBC5335E1B00F02600D10448 /* ChartViewsConflictSolver.swift in Sources */ = {isa = PBXBuildFile; fileRef = EBC533261B00F02600D10448 /* ChartViewsConflictSolver.swift */; };
		EBC5335F1B00F02600D10448 /* ChartContextDrawer.swift in Sources */ = {isa = PBXBuildFile; fileRef = EBC533281B00F02600D10448 /* ChartContextDrawer.swift */; };
		EBC533601B00F02600D10448 /* ChartLabelDrawer.swift in Sources */ = {isa = PBXBuildFile; fileRef = EBC533291B00F02600D10448 /* ChartLabelDrawer.swift */; };
		EBC533611B00F02600D10448 /* ChartLineDrawer.swift in Sources */ = {isa = PBXBuildFile; fileRef = EBC5332A1B00F02600D10448 /* ChartLineDrawer.swift */; };
		EBC533621B00F02600D10448 /* ChartCandleStickLayer.swift in Sources */ = {isa = PBXBuildFile; fileRef = EBC5332C1B00F02600D10448 /* ChartCandleStickLayer.swift */; };
		EBC533631B00F02600D10448 /* ChartCoordsSpaceLayer.swift in Sources */ = {isa = PBXBuildFile; fileRef = EBC5332D1B00F02600D10448 /* ChartCoordsSpaceLayer.swift */; };
		EBC533641B00F02600D10448 /* ChartDividersLayer.swift in Sources */ = {isa = PBXBuildFile; fileRef = EBC5332E1B00F02600D10448 /* ChartDividersLayer.swift */; };
		EBC533651B00F02600D10448 /* ChartGuideLinesLayer.swift in Sources */ = {isa = PBXBuildFile; fileRef = EBC5332F1B00F02600D10448 /* ChartGuideLinesLayer.swift */; };
		EBC533661B00F02600D10448 /* ChartLayer.swift in Sources */ = {isa = PBXBuildFile; fileRef = EBC533301B00F02600D10448 /* ChartLayer.swift */; };
		EBC533671B00F02600D10448 /* ChartLayerBase.swift in Sources */ = {isa = PBXBuildFile; fileRef = EBC533311B00F02600D10448 /* ChartLayerBase.swift */; };
		EBC533681B00F02600D10448 /* ChartPointsAreaLayer.swift in Sources */ = {isa = PBXBuildFile; fileRef = EBC533321B00F02600D10448 /* ChartPointsAreaLayer.swift */; };
		EBC533691B00F02600D10448 /* ChartPointsCandleStickViewsLayer.swift in Sources */ = {isa = PBXBuildFile; fileRef = EBC533331B00F02600D10448 /* ChartPointsCandleStickViewsLayer.swift */; };
		EBC5336A1B00F02600D10448 /* ChartPointsLayer.swift in Sources */ = {isa = PBXBuildFile; fileRef = EBC533341B00F02600D10448 /* ChartPointsLayer.swift */; };
		EBC5336B1B00F02600D10448 /* ChartPointsLineLayer.swift in Sources */ = {isa = PBXBuildFile; fileRef = EBC533351B00F02600D10448 /* ChartPointsLineLayer.swift */; };
		EBC5336C1B00F02600D10448 /* ChartPointsLineTrackerLayer.swift in Sources */ = {isa = PBXBuildFile; fileRef = EBC533361B00F02600D10448 /* ChartPointsLineTrackerLayer.swift */; };
		EBC5336D1B00F02600D10448 /* ChartPointsSingleViewLayer.swift in Sources */ = {isa = PBXBuildFile; fileRef = EBC533371B00F02600D10448 /* ChartPointsSingleViewLayer.swift */; };
		EBC5336E1B00F02600D10448 /* ChartPointsTrackerLayer.swift in Sources */ = {isa = PBXBuildFile; fileRef = EBC533381B00F02600D10448 /* ChartPointsTrackerLayer.swift */; };
		EBC5336F1B00F02600D10448 /* ChartPointsViewsLayer.swift in Sources */ = {isa = PBXBuildFile; fileRef = EBC533391B00F02600D10448 /* ChartPointsViewsLayer.swift */; };
		EBC533701B00F02600D10448 /* ChartShowCoordsLinesLayer.swift in Sources */ = {isa = PBXBuildFile; fileRef = EBC5333A1B00F02600D10448 /* ChartShowCoordsLinesLayer.swift */; };
		EBC533711B00F02600D10448 /* BubbleView.swift in Sources */ = {isa = PBXBuildFile; fileRef = EBC5333C1B00F02600D10448 /* BubbleView.swift */; };
		EBC533721B00F02600D10448 /* ChartAreasView.swift in Sources */ = {isa = PBXBuildFile; fileRef = EBC5333D1B00F02600D10448 /* ChartAreasView.swift */; };
		EBC533731B00F02600D10448 /* ChartCandleStickView.swift in Sources */ = {isa = PBXBuildFile; fileRef = EBC5333E1B00F02600D10448 /* ChartCandleStickView.swift */; };
		EBC533741B00F02600D10448 /* ChartLinesView.swift in Sources */ = {isa = PBXBuildFile; fileRef = EBC5333F1B00F02600D10448 /* ChartLinesView.swift */; };
		EBC533751B00F02600D10448 /* ChartPointCircleView.swift in Sources */ = {isa = PBXBuildFile; fileRef = EBC533401B00F02600D10448 /* ChartPointCircleView.swift */; };
		EBC533761B00F02600D10448 /* ChartPointTargetingView.swift in Sources */ = {isa = PBXBuildFile; fileRef = EBC533411B00F02600D10448 /* ChartPointTargetingView.swift */; };
		EBC533771B00F02600D10448 /* ChartPointTextCircleView.swift in Sources */ = {isa = PBXBuildFile; fileRef = EBC533421B00F02600D10448 /* ChartPointTextCircleView.swift */; };
		EBC533791B00F02600D10448 /* CubicLinePathGenerator.swift in Sources */ = {isa = PBXBuildFile; fileRef = EBC533441B00F02600D10448 /* CubicLinePathGenerator.swift */; };
		EBC5337A1B00F02600D10448 /* HandlingView.swift in Sources */ = {isa = PBXBuildFile; fileRef = EBC533451B00F02600D10448 /* HandlingView.swift */; };
		EBC5337B1B00F02600D10448 /* StraigthLinePathGenerator.swift in Sources */ = {isa = PBXBuildFile; fileRef = EBC533461B00F02600D10448 /* StraigthLinePathGenerator.swift */; };
		EBFA8BE21B052E02008A7C36 /* ChartPointViewBar.swift in Sources */ = {isa = PBXBuildFile; fileRef = EBFA8BE11B052E02008A7C36 /* ChartPointViewBar.swift */; };
		EBFA8BE41B054425008A7C36 /* BarsExample.swift in Sources */ = {isa = PBXBuildFile; fileRef = EBFA8BE31B054425008A7C36 /* BarsExample.swift */; };
		EBFA8BEA1B065927008A7C36 /* ChartPointViewBarGreyOut.swift in Sources */ = {isa = PBXBuildFile; fileRef = EBFA8BE91B065927008A7C36 /* ChartPointViewBarGreyOut.swift */; };
		EBFA8BEC1B065D08008A7C36 /* ChartPointViewBarStacked.swift in Sources */ = {isa = PBXBuildFile; fileRef = EBFA8BEB1B065D08008A7C36 /* ChartPointViewBarStacked.swift */; };
/* End PBXBuildFile section */

/* Begin PBXContainerItemProxy section */
		EB5DB66A1AFD084A00569E59 /* PBXContainerItemProxy */ = {
			isa = PBXContainerItemProxy;
			containerPortal = EB5DB64A1AFD084A00569E59 /* Project object */;
			proxyType = 1;
			remoteGlobalIDString = EB5DB6511AFD084A00569E59;
			remoteInfo = Examples;
		};
/* End PBXContainerItemProxy section */

/* Begin PBXFileReference section */
		EB37D6AE1AFD1A670079438D /* ExamplesDefaults.swift */ = {isa = PBXFileReference; fileEncoding = 4; lastKnownFileType = sourcecode.swift; path = ExamplesDefaults.swift; sourceTree = "<group>"; };
		EB37D6B01AFD1AA10079438D /* Env.swift */ = {isa = PBXFileReference; fileEncoding = 4; lastKnownFileType = sourcecode.swift; path = Env.swift; sourceTree = "<group>"; };
		EB51EB151B028FBA0083E052 /* Examples.app */ = {isa = PBXFileReference; explicitFileType = wrapper.application; includeInIndex = 0; path = Examples.app; sourceTree = BUILT_PRODUCTS_DIR; };
		EB51EB161B028FBA0083E052 /* ExamplesTests.xctest */ = {isa = PBXFileReference; explicitFileType = wrapper.cfbundle; includeInIndex = 0; path = ExamplesTests.xctest; sourceTree = BUILT_PRODUCTS_DIR; };
		EB51EB171B02919B0083E052 /* Main_iPhone.storyboard */ = {isa = PBXFileReference; fileEncoding = 4; lastKnownFileType = file.storyboard; path = Main_iPhone.storyboard; sourceTree = "<group>"; };
		EB51EB191B02949C0083E052 /* Default-568h@2x.png */ = {isa = PBXFileReference; lastKnownFileType = image.png; path = "Default-568h@2x.png"; sourceTree = "<group>"; };
		EB5DB6561AFD084A00569E59 /* Info.plist */ = {isa = PBXFileReference; lastKnownFileType = text.plist.xml; path = Info.plist; sourceTree = "<group>"; };
		EB5DB6571AFD084A00569E59 /* AppDelegate.swift */ = {isa = PBXFileReference; lastKnownFileType = sourcecode.swift; path = AppDelegate.swift; sourceTree = "<group>"; };
		EB5DB6591AFD084A00569E59 /* MasterViewController.swift */ = {isa = PBXFileReference; lastKnownFileType = sourcecode.swift; path = MasterViewController.swift; sourceTree = "<group>"; };
		EB5DB65B1AFD084A00569E59 /* DetailViewController.swift */ = {isa = PBXFileReference; lastKnownFileType = sourcecode.swift; path = DetailViewController.swift; sourceTree = "<group>"; };
		EB5DB65E1AFD084A00569E59 /* Base */ = {isa = PBXFileReference; lastKnownFileType = file.storyboard; name = Base; path = Base.lproj/Main.storyboard; sourceTree = "<group>"; };
		EB5DB6601AFD084A00569E59 /* Images.xcassets */ = {isa = PBXFileReference; lastKnownFileType = folder.assetcatalog; path = Images.xcassets; sourceTree = "<group>"; };
		EB5DB6631AFD084A00569E59 /* Base */ = {isa = PBXFileReference; lastKnownFileType = file.xib; name = Base; path = Base.lproj/LaunchScreen.xib; sourceTree = "<group>"; };
		EB5DB66E1AFD084A00569E59 /* Info.plist */ = {isa = PBXFileReference; lastKnownFileType = text.plist.xml; path = Info.plist; sourceTree = "<group>"; };
		EB5DB66F1AFD084A00569E59 /* ExamplesTests.swift */ = {isa = PBXFileReference; lastKnownFileType = sourcecode.swift; path = ExamplesTests.swift; sourceTree = "<group>"; };
		EB5DB67A1AFD08AD00569E59 /* AreasExample.swift */ = {isa = PBXFileReference; fileEncoding = 4; lastKnownFileType = sourcecode.swift; path = AreasExample.swift; sourceTree = "<group>"; };
		EB5DB67B1AFD08AD00569E59 /* BarsAndLinesExample.swift */ = {isa = PBXFileReference; fileEncoding = 4; lastKnownFileType = sourcecode.swift; path = BarsAndLinesExample.swift; sourceTree = "<group>"; };
		EB5DB67D1AFD08AD00569E59 /* CandleStickExample.swift */ = {isa = PBXFileReference; fileEncoding = 4; lastKnownFileType = sourcecode.swift; path = CandleStickExample.swift; sourceTree = "<group>"; };
		EB5DB67E1AFD08AD00569E59 /* CandleStickInteractiveExample.swift */ = {isa = PBXFileReference; fileEncoding = 4; lastKnownFileType = sourcecode.swift; path = CandleStickInteractiveExample.swift; sourceTree = "<group>"; };
		EB5DB67F1AFD08AD00569E59 /* CoordsExample.swift */ = {isa = PBXFileReference; fileEncoding = 4; lastKnownFileType = sourcecode.swift; path = CoordsExample.swift; sourceTree = "<group>"; };
		EB5DB6801AFD08AD00569E59 /* CubicLinesExample.swift */ = {isa = PBXFileReference; fileEncoding = 4; lastKnownFileType = sourcecode.swift; path = CubicLinesExample.swift; sourceTree = "<group>"; };
		EB5DB6811AFD08AD00569E59 /* CustomUnitsExample.swift */ = {isa = PBXFileReference; fileEncoding = 4; lastKnownFileType = sourcecode.swift; path = CustomUnitsExample.swift; sourceTree = "<group>"; };
		EB5DB6821AFD08AD00569E59 /* EqualSpacingExample.swift */ = {isa = PBXFileReference; fileEncoding = 4; lastKnownFileType = sourcecode.swift; path = EqualSpacingExample.swift; sourceTree = "<group>"; };
		EB5DB6831AFD08AD00569E59 /* HelloWorld.swift */ = {isa = PBXFileReference; fileEncoding = 4; lastKnownFileType = sourcecode.swift; path = HelloWorld.swift; sourceTree = "<group>"; };
		EB5DB6841AFD08AD00569E59 /* MultipleAxesExample.swift */ = {isa = PBXFileReference; fileEncoding = 4; lastKnownFileType = sourcecode.swift; path = MultipleAxesExample.swift; sourceTree = "<group>"; };
		EB5DB6851AFD08AD00569E59 /* MultipleAxesInteractiveExample.swift */ = {isa = PBXFileReference; fileEncoding = 4; lastKnownFileType = sourcecode.swift; path = MultipleAxesInteractiveExample.swift; sourceTree = "<group>"; };
		EB5DB6861AFD08AD00569E59 /* MultipleLabelsExample.swift */ = {isa = PBXFileReference; fileEncoding = 4; lastKnownFileType = sourcecode.swift; path = MultipleLabelsExample.swift; sourceTree = "<group>"; };
		EB5DB6871AFD08AD00569E59 /* NotificationsExample.swift */ = {isa = PBXFileReference; fileEncoding = 4; lastKnownFileType = sourcecode.swift; path = NotificationsExample.swift; sourceTree = "<group>"; };
		EB5DB6881AFD08AD00569E59 /* NotNumericExample.swift */ = {isa = PBXFileReference; fileEncoding = 4; lastKnownFileType = sourcecode.swift; path = NotNumericExample.swift; sourceTree = "<group>"; };
		EB5DB6891AFD08AD00569E59 /* ScrollExample.swift */ = {isa = PBXFileReference; fileEncoding = 4; lastKnownFileType = sourcecode.swift; path = ScrollExample.swift; sourceTree = "<group>"; };
		EB5DB68A1AFD08AD00569E59 /* TargetExample.swift */ = {isa = PBXFileReference; fileEncoding = 4; lastKnownFileType = sourcecode.swift; path = TargetExample.swift; sourceTree = "<group>"; };
		EB5DB68B1AFD08AD00569E59 /* TrackerExample.swift */ = {isa = PBXFileReference; fileEncoding = 4; lastKnownFileType = sourcecode.swift; path = TrackerExample.swift; sourceTree = "<group>"; };
		EB5DC0D31B06792F001FD5A8 /* ChartStackedBarsLayer.swift */ = {isa = PBXFileReference; fileEncoding = 4; lastKnownFileType = sourcecode.swift; path = ChartStackedBarsLayer.swift; sourceTree = "<group>"; };
		EB5DC0D51B06995A001FD5A8 /* StackedBarsExample.swift */ = {isa = PBXFileReference; fileEncoding = 4; lastKnownFileType = sourcecode.swift; path = StackedBarsExample.swift; sourceTree = "<group>"; };
		EB5DC0D71B0789CD001FD5A8 /* ChartPointsBubbleLayer.swift */ = {isa = PBXFileReference; fileEncoding = 4; lastKnownFileType = sourcecode.swift; path = ChartPointsBubbleLayer.swift; sourceTree = "<group>"; };
		EB5DC0D91B078EE3001FD5A8 /* BubbleExample.swift */ = {isa = PBXFileReference; fileEncoding = 4; lastKnownFileType = sourcecode.swift; path = BubbleExample.swift; sourceTree = "<group>"; };
		EB5DC0DB1B086DE1001FD5A8 /* ChartPointBubble.swift */ = {isa = PBXFileReference; fileEncoding = 4; lastKnownFileType = sourcecode.swift; path = ChartPointBubble.swift; sourceTree = "<group>"; };
		EB5DC0DD1B086F93001FD5A8 /* ChartPointsScatterLayer.swift */ = {isa = PBXFileReference; fileEncoding = 4; lastKnownFileType = sourcecode.swift; path = ChartPointsScatterLayer.swift; sourceTree = "<group>"; };
		EB5DC0DF1B08739C001FD5A8 /* ScatterExample.swift */ = {isa = PBXFileReference; fileEncoding = 4; lastKnownFileType = sourcecode.swift; path = ScatterExample.swift; sourceTree = "<group>"; };
		EB5DC10E1B091FCC001FD5A8 /* ChartBarsLayer.swift */ = {isa = PBXFileReference; fileEncoding = 4; lastKnownFileType = sourcecode.swift; path = ChartBarsLayer.swift; sourceTree = "<group>"; };
		EB5DC1101B094108001FD5A8 /* BarsPlusMinusWithGradientExample.swift */ = {isa = PBXFileReference; fileEncoding = 4; lastKnownFileType = sourcecode.swift; path = BarsPlusMinusWithGradientExample.swift; sourceTree = "<group>"; };
		EBC5330D1B00F02600D10448 /* ChartAxisLabel.swift */ = {isa = PBXFileReference; fileEncoding = 4; lastKnownFileType = sourcecode.swift; path = ChartAxisLabel.swift; sourceTree = "<group>"; };
		EBC5330E1B00F02600D10448 /* ChartAxisLayer.swift */ = {isa = PBXFileReference; fileEncoding = 4; lastKnownFileType = sourcecode.swift; path = ChartAxisLayer.swift; sourceTree = "<group>"; };
		EBC5330F1B00F02600D10448 /* ChartAxisLayerDefault.swift */ = {isa = PBXFileReference; fileEncoding = 4; lastKnownFileType = sourcecode.swift; path = ChartAxisLayerDefault.swift; sourceTree = "<group>"; };
		EBC533101B00F02600D10448 /* ChartAxisModel.swift */ = {isa = PBXFileReference; fileEncoding = 4; lastKnownFileType = sourcecode.swift; path = ChartAxisModel.swift; sourceTree = "<group>"; };
		EBC533111B00F02600D10448 /* ChartAxisValuesGenerator.swift */ = {isa = PBXFileReference; fileEncoding = 4; lastKnownFileType = sourcecode.swift; path = ChartAxisValuesGenerator.swift; sourceTree = "<group>"; };
		EBC533121B00F02600D10448 /* ChartAxisXHighLayerDefault.swift */ = {isa = PBXFileReference; fileEncoding = 4; lastKnownFileType = sourcecode.swift; path = ChartAxisXHighLayerDefault.swift; sourceTree = "<group>"; };
		EBC533131B00F02600D10448 /* ChartAxisXLayerDefault.swift */ = {isa = PBXFileReference; fileEncoding = 4; lastKnownFileType = sourcecode.swift; path = ChartAxisXLayerDefault.swift; sourceTree = "<group>"; };
		EBC533141B00F02600D10448 /* ChartAxisXLowLayerDefault.swift */ = {isa = PBXFileReference; fileEncoding = 4; lastKnownFileType = sourcecode.swift; path = ChartAxisXLowLayerDefault.swift; sourceTree = "<group>"; };
		EBC533151B00F02600D10448 /* ChartAxisYHighLayerDefault.swift */ = {isa = PBXFileReference; fileEncoding = 4; lastKnownFileType = sourcecode.swift; path = ChartAxisYHighLayerDefault.swift; sourceTree = "<group>"; };
		EBC533161B00F02600D10448 /* ChartAxisYLayerDefault.swift */ = {isa = PBXFileReference; fileEncoding = 4; lastKnownFileType = sourcecode.swift; path = ChartAxisYLayerDefault.swift; sourceTree = "<group>"; };
		EBC533171B00F02600D10448 /* ChartAxisYLowLayerDefault.swift */ = {isa = PBXFileReference; fileEncoding = 4; lastKnownFileType = sourcecode.swift; path = ChartAxisYLowLayerDefault.swift; sourceTree = "<group>"; };
		EBC533191B00F02600D10448 /* ChartAxisValue.swift */ = {isa = PBXFileReference; fileEncoding = 4; lastKnownFileType = sourcecode.swift; path = ChartAxisValue.swift; sourceTree = "<group>"; };
		EBC5331A1B00F02600D10448 /* ChartAxisValueDate.swift */ = {isa = PBXFileReference; fileEncoding = 4; lastKnownFileType = sourcecode.swift; path = ChartAxisValueDate.swift; sourceTree = "<group>"; };
		EBC5331B1B00F02600D10448 /* ChartAxisValueFloat.swift */ = {isa = PBXFileReference; fileEncoding = 4; lastKnownFileType = sourcecode.swift; path = ChartAxisValueFloat.swift; sourceTree = "<group>"; };
		EBC5331C1B00F02600D10448 /* ChartAxisValueFloatScreenLoc.swift */ = {isa = PBXFileReference; fileEncoding = 4; lastKnownFileType = sourcecode.swift; path = ChartAxisValueFloatScreenLoc.swift; sourceTree = "<group>"; };
		EBC5331D1B00F02600D10448 /* ChartAxisValueInt.swift */ = {isa = PBXFileReference; fileEncoding = 4; lastKnownFileType = sourcecode.swift; path = ChartAxisValueInt.swift; sourceTree = "<group>"; };
		EBC5331E1B00F02600D10448 /* ChartAxisValueString.swift */ = {isa = PBXFileReference; fileEncoding = 4; lastKnownFileType = sourcecode.swift; path = ChartAxisValueString.swift; sourceTree = "<group>"; };
		EBC5331F1B00F02600D10448 /* Chart.swift */ = {isa = PBXFileReference; fileEncoding = 4; lastKnownFileType = sourcecode.swift; path = Chart.swift; sourceTree = "<group>"; };
		EBC533201B00F02600D10448 /* ChartCoordsSpace.swift */ = {isa = PBXFileReference; fileEncoding = 4; lastKnownFileType = sourcecode.swift; path = ChartCoordsSpace.swift; sourceTree = "<group>"; };
		EBC533211B00F02600D10448 /* ChartLineModel.swift */ = {isa = PBXFileReference; fileEncoding = 4; lastKnownFileType = sourcecode.swift; path = ChartLineModel.swift; sourceTree = "<group>"; };
		EBC533231B00F02600D10448 /* ChartPoint.swift */ = {isa = PBXFileReference; fileEncoding = 4; lastKnownFileType = sourcecode.swift; path = ChartPoint.swift; sourceTree = "<group>"; };
		EBC533241B00F02600D10448 /* ChartPointCandleStick.swift */ = {isa = PBXFileReference; fileEncoding = 4; lastKnownFileType = sourcecode.swift; path = ChartPointCandleStick.swift; sourceTree = "<group>"; };
		EBC533251B00F02600D10448 /* ChartUtils.swift */ = {isa = PBXFileReference; fileEncoding = 4; lastKnownFileType = sourcecode.swift; path = ChartUtils.swift; sourceTree = "<group>"; };
		EBC533261B00F02600D10448 /* ChartViewsConflictSolver.swift */ = {isa = PBXFileReference; fileEncoding = 4; lastKnownFileType = sourcecode.swift; path = ChartViewsConflictSolver.swift; sourceTree = "<group>"; };
		EBC533281B00F02600D10448 /* ChartContextDrawer.swift */ = {isa = PBXFileReference; fileEncoding = 4; lastKnownFileType = sourcecode.swift; path = ChartContextDrawer.swift; sourceTree = "<group>"; };
		EBC533291B00F02600D10448 /* ChartLabelDrawer.swift */ = {isa = PBXFileReference; fileEncoding = 4; lastKnownFileType = sourcecode.swift; path = ChartLabelDrawer.swift; sourceTree = "<group>"; };
		EBC5332A1B00F02600D10448 /* ChartLineDrawer.swift */ = {isa = PBXFileReference; fileEncoding = 4; lastKnownFileType = sourcecode.swift; path = ChartLineDrawer.swift; sourceTree = "<group>"; };
		EBC5332C1B00F02600D10448 /* ChartCandleStickLayer.swift */ = {isa = PBXFileReference; fileEncoding = 4; lastKnownFileType = sourcecode.swift; path = ChartCandleStickLayer.swift; sourceTree = "<group>"; };
		EBC5332D1B00F02600D10448 /* ChartCoordsSpaceLayer.swift */ = {isa = PBXFileReference; fileEncoding = 4; lastKnownFileType = sourcecode.swift; path = ChartCoordsSpaceLayer.swift; sourceTree = "<group>"; };
		EBC5332E1B00F02600D10448 /* ChartDividersLayer.swift */ = {isa = PBXFileReference; fileEncoding = 4; lastKnownFileType = sourcecode.swift; path = ChartDividersLayer.swift; sourceTree = "<group>"; };
		EBC5332F1B00F02600D10448 /* ChartGuideLinesLayer.swift */ = {isa = PBXFileReference; fileEncoding = 4; lastKnownFileType = sourcecode.swift; path = ChartGuideLinesLayer.swift; sourceTree = "<group>"; };
		EBC533301B00F02600D10448 /* ChartLayer.swift */ = {isa = PBXFileReference; fileEncoding = 4; lastKnownFileType = sourcecode.swift; path = ChartLayer.swift; sourceTree = "<group>"; };
		EBC533311B00F02600D10448 /* ChartLayerBase.swift */ = {isa = PBXFileReference; fileEncoding = 4; lastKnownFileType = sourcecode.swift; path = ChartLayerBase.swift; sourceTree = "<group>"; };
		EBC533321B00F02600D10448 /* ChartPointsAreaLayer.swift */ = {isa = PBXFileReference; fileEncoding = 4; lastKnownFileType = sourcecode.swift; path = ChartPointsAreaLayer.swift; sourceTree = "<group>"; };
		EBC533331B00F02600D10448 /* ChartPointsCandleStickViewsLayer.swift */ = {isa = PBXFileReference; fileEncoding = 4; lastKnownFileType = sourcecode.swift; path = ChartPointsCandleStickViewsLayer.swift; sourceTree = "<group>"; };
		EBC533341B00F02600D10448 /* ChartPointsLayer.swift */ = {isa = PBXFileReference; fileEncoding = 4; lastKnownFileType = sourcecode.swift; path = ChartPointsLayer.swift; sourceTree = "<group>"; };
		EBC533351B00F02600D10448 /* ChartPointsLineLayer.swift */ = {isa = PBXFileReference; fileEncoding = 4; lastKnownFileType = sourcecode.swift; path = ChartPointsLineLayer.swift; sourceTree = "<group>"; };
		EBC533361B00F02600D10448 /* ChartPointsLineTrackerLayer.swift */ = {isa = PBXFileReference; fileEncoding = 4; lastKnownFileType = sourcecode.swift; path = ChartPointsLineTrackerLayer.swift; sourceTree = "<group>"; };
		EBC533371B00F02600D10448 /* ChartPointsSingleViewLayer.swift */ = {isa = PBXFileReference; fileEncoding = 4; lastKnownFileType = sourcecode.swift; path = ChartPointsSingleViewLayer.swift; sourceTree = "<group>"; };
		EBC533381B00F02600D10448 /* ChartPointsTrackerLayer.swift */ = {isa = PBXFileReference; fileEncoding = 4; lastKnownFileType = sourcecode.swift; path = ChartPointsTrackerLayer.swift; sourceTree = "<group>"; };
		EBC533391B00F02600D10448 /* ChartPointsViewsLayer.swift */ = {isa = PBXFileReference; fileEncoding = 4; lastKnownFileType = sourcecode.swift; path = ChartPointsViewsLayer.swift; sourceTree = "<group>"; };
		EBC5333A1B00F02600D10448 /* ChartShowCoordsLinesLayer.swift */ = {isa = PBXFileReference; fileEncoding = 4; lastKnownFileType = sourcecode.swift; path = ChartShowCoordsLinesLayer.swift; sourceTree = "<group>"; };
		EBC5333C1B00F02600D10448 /* BubbleView.swift */ = {isa = PBXFileReference; fileEncoding = 4; lastKnownFileType = sourcecode.swift; path = BubbleView.swift; sourceTree = "<group>"; };
		EBC5333D1B00F02600D10448 /* ChartAreasView.swift */ = {isa = PBXFileReference; fileEncoding = 4; lastKnownFileType = sourcecode.swift; path = ChartAreasView.swift; sourceTree = "<group>"; };
		EBC5333E1B00F02600D10448 /* ChartCandleStickView.swift */ = {isa = PBXFileReference; fileEncoding = 4; lastKnownFileType = sourcecode.swift; path = ChartCandleStickView.swift; sourceTree = "<group>"; };
		EBC5333F1B00F02600D10448 /* ChartLinesView.swift */ = {isa = PBXFileReference; fileEncoding = 4; lastKnownFileType = sourcecode.swift; path = ChartLinesView.swift; sourceTree = "<group>"; };
		EBC533401B00F02600D10448 /* ChartPointCircleView.swift */ = {isa = PBXFileReference; fileEncoding = 4; lastKnownFileType = sourcecode.swift; path = ChartPointCircleView.swift; sourceTree = "<group>"; };
		EBC533411B00F02600D10448 /* ChartPointTargetingView.swift */ = {isa = PBXFileReference; fileEncoding = 4; lastKnownFileType = sourcecode.swift; path = ChartPointTargetingView.swift; sourceTree = "<group>"; };
		EBC533421B00F02600D10448 /* ChartPointTextCircleView.swift */ = {isa = PBXFileReference; fileEncoding = 4; lastKnownFileType = sourcecode.swift; path = ChartPointTextCircleView.swift; sourceTree = "<group>"; };
		EBC533441B00F02600D10448 /* CubicLinePathGenerator.swift */ = {isa = PBXFileReference; fileEncoding = 4; lastKnownFileType = sourcecode.swift; path = CubicLinePathGenerator.swift; sourceTree = "<group>"; };
		EBC533451B00F02600D10448 /* HandlingView.swift */ = {isa = PBXFileReference; fileEncoding = 4; lastKnownFileType = sourcecode.swift; path = HandlingView.swift; sourceTree = "<group>"; };
		EBC533461B00F02600D10448 /* StraigthLinePathGenerator.swift */ = {isa = PBXFileReference; fileEncoding = 4; lastKnownFileType = sourcecode.swift; path = StraigthLinePathGenerator.swift; sourceTree = "<group>"; };
		EBFA8BE11B052E02008A7C36 /* ChartPointViewBar.swift */ = {isa = PBXFileReference; fileEncoding = 4; lastKnownFileType = sourcecode.swift; path = ChartPointViewBar.swift; sourceTree = "<group>"; };
		EBFA8BE31B054425008A7C36 /* BarsExample.swift */ = {isa = PBXFileReference; fileEncoding = 4; lastKnownFileType = sourcecode.swift; path = BarsExample.swift; sourceTree = "<group>"; };
		EBFA8BE91B065927008A7C36 /* ChartPointViewBarGreyOut.swift */ = {isa = PBXFileReference; fileEncoding = 4; lastKnownFileType = sourcecode.swift; path = ChartPointViewBarGreyOut.swift; sourceTree = "<group>"; };
		EBFA8BEB1B065D08008A7C36 /* ChartPointViewBarStacked.swift */ = {isa = PBXFileReference; fileEncoding = 4; lastKnownFileType = sourcecode.swift; path = ChartPointViewBarStacked.swift; sourceTree = "<group>"; };
/* End PBXFileReference section */

/* Begin PBXFrameworksBuildPhase section */
		EB5DB64F1AFD084A00569E59 /* Frameworks */ = {
			isa = PBXFrameworksBuildPhase;
			buildActionMask = 2147483647;
			files = (
			);
			runOnlyForDeploymentPostprocessing = 0;
		};
		EB5DB6661AFD084A00569E59 /* Frameworks */ = {
			isa = PBXFrameworksBuildPhase;
			buildActionMask = 2147483647;
			files = (
			);
			runOnlyForDeploymentPostprocessing = 0;
		};
/* End PBXFrameworksBuildPhase section */

/* Begin PBXGroup section */
		EB5DB6491AFD084A00569E59 = {
			isa = PBXGroup;
			children = (
				EB5DB6541AFD084A00569E59 /* Examples */,
				EB5DB66C1AFD084A00569E59 /* ExamplesTests */,
				EB51EB151B028FBA0083E052 /* Examples.app */,
				EB51EB161B028FBA0083E052 /* ExamplesTests.xctest */,
			);
			sourceTree = "<group>";
		};
		EB5DB6541AFD084A00569E59 /* Examples */ = {
			isa = PBXGroup;
			children = (
				EB5DB6791AFD08AD00569E59 /* Examples */,
				EBC5330B1B00F02600D10448 /* SwiftCharts */,
				EB5DB6571AFD084A00569E59 /* AppDelegate.swift */,
				EB5DB6591AFD084A00569E59 /* MasterViewController.swift */,
				EB5DB65B1AFD084A00569E59 /* DetailViewController.swift */,
				EB5DB65D1AFD084A00569E59 /* Main.storyboard */,
				EB51EB171B02919B0083E052 /* Main_iPhone.storyboard */,
				EB5DB6601AFD084A00569E59 /* Images.xcassets */,
				EB5DB6621AFD084A00569E59 /* LaunchScreen.xib */,
				EB5DB6551AFD084A00569E59 /* Supporting Files */,
			);
			path = Examples;
			sourceTree = "<group>";
		};
		EB5DB6551AFD084A00569E59 /* Supporting Files */ = {
			isa = PBXGroup;
			children = (
				EB51EB191B02949C0083E052 /* Default-568h@2x.png */,
				EB5DB6561AFD084A00569E59 /* Info.plist */,
			);
			name = "Supporting Files";
			sourceTree = "<group>";
		};
		EB5DB66C1AFD084A00569E59 /* ExamplesTests */ = {
			isa = PBXGroup;
			children = (
				EB5DB66F1AFD084A00569E59 /* ExamplesTests.swift */,
				EB5DB66D1AFD084A00569E59 /* Supporting Files */,
			);
			path = ExamplesTests;
			sourceTree = "<group>";
		};
		EB5DB66D1AFD084A00569E59 /* Supporting Files */ = {
			isa = PBXGroup;
			children = (
				EB5DB66E1AFD084A00569E59 /* Info.plist */,
			);
			name = "Supporting Files";
			sourceTree = "<group>";
		};
		EB5DB6791AFD08AD00569E59 /* Examples */ = {
			isa = PBXGroup;
			children = (
				EB37D6B01AFD1AA10079438D /* Env.swift */,
				EB37D6AE1AFD1A670079438D /* ExamplesDefaults.swift */,
				EB5DB67A1AFD08AD00569E59 /* AreasExample.swift */,
				EB5DB67B1AFD08AD00569E59 /* BarsAndLinesExample.swift */,
				EB5DC1101B094108001FD5A8 /* BarsPlusMinusWithGradientExample.swift */,
				EBFA8BE31B054425008A7C36 /* BarsExample.swift */,
				EB5DB67D1AFD08AD00569E59 /* CandleStickExample.swift */,
				EB5DB67E1AFD08AD00569E59 /* CandleStickInteractiveExample.swift */,
				EB5DB67F1AFD08AD00569E59 /* CoordsExample.swift */,
				EB5DB6801AFD08AD00569E59 /* CubicLinesExample.swift */,
				EB5DB6811AFD08AD00569E59 /* CustomUnitsExample.swift */,
				EB5DB6821AFD08AD00569E59 /* EqualSpacingExample.swift */,
				EB5DB6831AFD08AD00569E59 /* HelloWorld.swift */,
				EB5DB6841AFD08AD00569E59 /* MultipleAxesExample.swift */,
				EB5DB6851AFD08AD00569E59 /* MultipleAxesInteractiveExample.swift */,
				EB5DB6861AFD08AD00569E59 /* MultipleLabelsExample.swift */,
				EB5DB6871AFD08AD00569E59 /* NotificationsExample.swift */,
				EB5DB6881AFD08AD00569E59 /* NotNumericExample.swift */,
				EB5DB6891AFD08AD00569E59 /* ScrollExample.swift */,
				EB5DB68A1AFD08AD00569E59 /* TargetExample.swift */,
				EB5DB68B1AFD08AD00569E59 /* TrackerExample.swift */,
				EB5DC0D91B078EE3001FD5A8 /* BubbleExample.swift */,
				EB5DC0DF1B08739C001FD5A8 /* ScatterExample.swift */,
				EB5DC0D51B06995A001FD5A8 /* StackedBarsExample.swift */,
			);
			path = Examples;
			sourceTree = "<group>";
		};
		EBC5330B1B00F02600D10448 /* SwiftCharts */ = {
			isa = PBXGroup;
			children = (
				EBC5330C1B00F02600D10448 /* Axis */,
				EBC533181B00F02600D10448 /* AxisValues */,
				EBC5331F1B00F02600D10448 /* Chart.swift */,
				EBC533201B00F02600D10448 /* ChartCoordsSpace.swift */,
				EBC533211B00F02600D10448 /* ChartLineModel.swift */,
				EBC533221B00F02600D10448 /* ChartPoint */,
				EBC533251B00F02600D10448 /* ChartUtils.swift */,
				EBC533261B00F02600D10448 /* ChartViewsConflictSolver.swift */,
				EBC533271B00F02600D10448 /* Drawers */,
				EBC5332B1B00F02600D10448 /* Layers */,
				EBC5333B1B00F02600D10448 /* Views */,
			);
			name = SwiftCharts;
			path = ../../SwiftCharts;
			sourceTree = "<group>";
		};
		EBC5330C1B00F02600D10448 /* Axis */ = {
			isa = PBXGroup;
			children = (
				EBC5330D1B00F02600D10448 /* ChartAxisLabel.swift */,
				EBC5330E1B00F02600D10448 /* ChartAxisLayer.swift */,
				EBC5330F1B00F02600D10448 /* ChartAxisLayerDefault.swift */,
				EBC533101B00F02600D10448 /* ChartAxisModel.swift */,
				EBC533111B00F02600D10448 /* ChartAxisValuesGenerator.swift */,
				EBC533121B00F02600D10448 /* ChartAxisXHighLayerDefault.swift */,
				EBC533131B00F02600D10448 /* ChartAxisXLayerDefault.swift */,
				EBC533141B00F02600D10448 /* ChartAxisXLowLayerDefault.swift */,
				EBC533151B00F02600D10448 /* ChartAxisYHighLayerDefault.swift */,
				EBC533161B00F02600D10448 /* ChartAxisYLayerDefault.swift */,
				EBC533171B00F02600D10448 /* ChartAxisYLowLayerDefault.swift */,
			);
			path = Axis;
			sourceTree = "<group>";
		};
		EBC533181B00F02600D10448 /* AxisValues */ = {
			isa = PBXGroup;
			children = (
				EBC533191B00F02600D10448 /* ChartAxisValue.swift */,
				EBC5331A1B00F02600D10448 /* ChartAxisValueDate.swift */,
				EBC5331B1B00F02600D10448 /* ChartAxisValueFloat.swift */,
				EBC5331C1B00F02600D10448 /* ChartAxisValueFloatScreenLoc.swift */,
				EBC5331D1B00F02600D10448 /* ChartAxisValueInt.swift */,
				EBC5331E1B00F02600D10448 /* ChartAxisValueString.swift */,
			);
			path = AxisValues;
			sourceTree = "<group>";
		};
		EBC533221B00F02600D10448 /* ChartPoint */ = {
			isa = PBXGroup;
			children = (
				EBC533231B00F02600D10448 /* ChartPoint.swift */,
				EBC533241B00F02600D10448 /* ChartPointCandleStick.swift */,
				EB5DC0DB1B086DE1001FD5A8 /* ChartPointBubble.swift */,
			);
			path = ChartPoint;
			sourceTree = "<group>";
		};
		EBC533271B00F02600D10448 /* Drawers */ = {
			isa = PBXGroup;
			children = (
				EBC533281B00F02600D10448 /* ChartContextDrawer.swift */,
				EBC533291B00F02600D10448 /* ChartLabelDrawer.swift */,
				EBC5332A1B00F02600D10448 /* ChartLineDrawer.swift */,
			);
			path = Drawers;
			sourceTree = "<group>";
		};
		EBC5332B1B00F02600D10448 /* Layers */ = {
			isa = PBXGroup;
			children = (
				EBC5332C1B00F02600D10448 /* ChartCandleStickLayer.swift */,
				EBC5332D1B00F02600D10448 /* ChartCoordsSpaceLayer.swift */,
				EBC5332E1B00F02600D10448 /* ChartDividersLayer.swift */,
				EBC5332F1B00F02600D10448 /* ChartGuideLinesLayer.swift */,
				EBC533301B00F02600D10448 /* ChartLayer.swift */,
				EBC533311B00F02600D10448 /* ChartLayerBase.swift */,
				EBC533321B00F02600D10448 /* ChartPointsAreaLayer.swift */,
				EBC533331B00F02600D10448 /* ChartPointsCandleStickViewsLayer.swift */,
				EBC533341B00F02600D10448 /* ChartPointsLayer.swift */,
				EBC533351B00F02600D10448 /* ChartPointsLineLayer.swift */,
				EBC533361B00F02600D10448 /* ChartPointsLineTrackerLayer.swift */,
				EBC533371B00F02600D10448 /* ChartPointsSingleViewLayer.swift */,
				EBC533381B00F02600D10448 /* ChartPointsTrackerLayer.swift */,
				EBC533391B00F02600D10448 /* ChartPointsViewsLayer.swift */,
				EBC5333A1B00F02600D10448 /* ChartShowCoordsLinesLayer.swift */,
				EB5DC0D31B06792F001FD5A8 /* ChartStackedBarsLayer.swift */,
				EB5DC10E1B091FCC001FD5A8 /* ChartBarsLayer.swift */,
				EB5DC0D71B0789CD001FD5A8 /* ChartPointsBubbleLayer.swift */,
				EB5DC0DD1B086F93001FD5A8 /* ChartPointsScatterLayer.swift */,
			);
			path = Layers;
			sourceTree = "<group>";
		};
		EBC5333B1B00F02600D10448 /* Views */ = {
			isa = PBXGroup;
			children = (
				EBC5333C1B00F02600D10448 /* BubbleView.swift */,
				EBC5333D1B00F02600D10448 /* ChartAreasView.swift */,
				EBC5333E1B00F02600D10448 /* ChartCandleStickView.swift */,
				EBC5333F1B00F02600D10448 /* ChartLinesView.swift */,
				EBC533401B00F02600D10448 /* ChartPointCircleView.swift */,
				EBC533411B00F02600D10448 /* ChartPointTargetingView.swift */,
				EBC533421B00F02600D10448 /* ChartPointTextCircleView.swift */,
				EBFA8BE11B052E02008A7C36 /* ChartPointViewBar.swift */,
				EBFA8BEB1B065D08008A7C36 /* ChartPointViewBarStacked.swift */,
				EBFA8BE91B065927008A7C36 /* ChartPointViewBarGreyOut.swift */,
				EBC533441B00F02600D10448 /* CubicLinePathGenerator.swift */,
				EBC533451B00F02600D10448 /* HandlingView.swift */,
				EBC533461B00F02600D10448 /* StraigthLinePathGenerator.swift */,
			);
			path = Views;
			sourceTree = "<group>";
		};
/* End PBXGroup section */

/* Begin PBXNativeTarget section */
		EB5DB6511AFD084A00569E59 /* Examples */ = {
			isa = PBXNativeTarget;
			buildConfigurationList = EB5DB6731AFD084A00569E59 /* Build configuration list for PBXNativeTarget "Examples" */;
			buildPhases = (
				EB5DB64E1AFD084A00569E59 /* Sources */,
				EB5DB64F1AFD084A00569E59 /* Frameworks */,
				EB5DB6501AFD084A00569E59 /* Resources */,
			);
			buildRules = (
			);
			dependencies = (
			);
			name = Examples;
			productName = Examples;
			productReference = EB51EB151B028FBA0083E052 /* Examples.app */;
			productType = "com.apple.product-type.application";
		};
		EB5DB6681AFD084A00569E59 /* ExamplesTests */ = {
			isa = PBXNativeTarget;
			buildConfigurationList = EB5DB6761AFD084A00569E59 /* Build configuration list for PBXNativeTarget "ExamplesTests" */;
			buildPhases = (
				EB5DB6651AFD084A00569E59 /* Sources */,
				EB5DB6661AFD084A00569E59 /* Frameworks */,
				EB5DB6671AFD084A00569E59 /* Resources */,
			);
			buildRules = (
			);
			dependencies = (
				EB5DB66B1AFD084A00569E59 /* PBXTargetDependency */,
			);
			name = ExamplesTests;
			productName = ExamplesTests;
			productReference = EB51EB161B028FBA0083E052 /* ExamplesTests.xctest */;
			productType = "com.apple.product-type.bundle.unit-test";
		};
/* End PBXNativeTarget section */

/* Begin PBXProject section */
		EB5DB64A1AFD084A00569E59 /* Project object */ = {
			isa = PBXProject;
			attributes = {
				LastUpgradeCheck = 0630;
				ORGANIZATIONNAME = ivanschuetz;
				TargetAttributes = {
					EB5DB6511AFD084A00569E59 = {
						CreatedOnToolsVersion = 6.3.1;
					};
					EB5DB6681AFD084A00569E59 = {
						CreatedOnToolsVersion = 6.3.1;
						TestTargetID = EB5DB6511AFD084A00569E59;
					};
				};
			};
			buildConfigurationList = EB5DB64D1AFD084A00569E59 /* Build configuration list for PBXProject "Examples" */;
			compatibilityVersion = "Xcode 3.2";
			developmentRegion = English;
			hasScannedForEncodings = 0;
			knownRegions = (
				en,
				Base,
			);
			mainGroup = EB5DB6491AFD084A00569E59;
			productRefGroup = EB5DB6491AFD084A00569E59;
			projectDirPath = "";
			projectRoot = "";
			targets = (
				EB5DB6511AFD084A00569E59 /* Examples */,
				EB5DB6681AFD084A00569E59 /* ExamplesTests */,
			);
		};
/* End PBXProject section */

/* Begin PBXResourcesBuildPhase section */
		EB5DB6501AFD084A00569E59 /* Resources */ = {
			isa = PBXResourcesBuildPhase;
			buildActionMask = 2147483647;
			files = (
				EB5DB65F1AFD084A00569E59 /* Main.storyboard in Resources */,
				EB51EB181B02919B0083E052 /* Main_iPhone.storyboard in Resources */,
				EB5DB6641AFD084A00569E59 /* LaunchScreen.xib in Resources */,
				EB51EB1A1B02949C0083E052 /* Default-568h@2x.png in Resources */,
				EB5DB6611AFD084A00569E59 /* Images.xcassets in Resources */,
			);
			runOnlyForDeploymentPostprocessing = 0;
		};
		EB5DB6671AFD084A00569E59 /* Resources */ = {
			isa = PBXResourcesBuildPhase;
			buildActionMask = 2147483647;
			files = (
			);
			runOnlyForDeploymentPostprocessing = 0;
		};
/* End PBXResourcesBuildPhase section */

/* Begin PBXSourcesBuildPhase section */
		EB5DB64E1AFD084A00569E59 /* Sources */ = {
			isa = PBXSourcesBuildPhase;
			buildActionMask = 2147483647;
			files = (
				EBC5337B1B00F02600D10448 /* StraigthLinePathGenerator.swift in Sources */,
				EB5DB69B1AFD08AD00569E59 /* ScrollExample.swift in Sources */,
				EBC5334A1B00F02600D10448 /* ChartAxisModel.swift in Sources */,
				EB5DB6971AFD08AD00569E59 /* MultipleAxesInteractiveExample.swift in Sources */,
				EB5DB6981AFD08AD00569E59 /* MultipleLabelsExample.swift in Sources */,
				EBC5335C1B00F02600D10448 /* ChartPointCandleStick.swift in Sources */,
				EBC533721B00F02600D10448 /* ChartAreasView.swift in Sources */,
				EB5DC0D41B06792F001FD5A8 /* ChartStackedBarsLayer.swift in Sources */,
				EB5DB6941AFD08AD00569E59 /* EqualSpacingExample.swift in Sources */,
				EB5DB69D1AFD08AD00569E59 /* TrackerExample.swift in Sources */,
				EB5DB65C1AFD084A00569E59 /* DetailViewController.swift in Sources */,
				EBC533571B00F02600D10448 /* ChartAxisValueString.swift in Sources */,
				EBC533791B00F02600D10448 /* CubicLinePathGenerator.swift in Sources */,
				EB5DB6991AFD08AD00569E59 /* NotificationsExample.swift in Sources */,
				EBC5337A1B00F02600D10448 /* HandlingView.swift in Sources */,
				EB5DB6911AFD08AD00569E59 /* CoordsExample.swift in Sources */,
				EBC533621B00F02600D10448 /* ChartCandleStickLayer.swift in Sources */,
				EB37D6AF1AFD1A670079438D /* ExamplesDefaults.swift in Sources */,
				EBC533731B00F02600D10448 /* ChartCandleStickView.swift in Sources */,
				EB5DC0D81B0789CD001FD5A8 /* ChartPointsBubbleLayer.swift in Sources */,
				EBC5334B1B00F02600D10448 /* ChartAxisValuesGenerator.swift in Sources */,
				EB5DC10F1B091FCC001FD5A8 /* ChartBarsLayer.swift in Sources */,
				EBC533631B00F02600D10448 /* ChartCoordsSpaceLayer.swift in Sources */,
				EBC5335D1B00F02600D10448 /* ChartUtils.swift in Sources */,
				EBC5334D1B00F02600D10448 /* ChartAxisXLayerDefault.swift in Sources */,
				EBC533531B00F02600D10448 /* ChartAxisValueDate.swift in Sources */,
				EB5DB6931AFD08AD00569E59 /* CustomUnitsExample.swift in Sources */,
				EB5DB68F1AFD08AD00569E59 /* CandleStickExample.swift in Sources */,
				EB5DB68C1AFD08AD00569E59 /* AreasExample.swift in Sources */,
				EB5DB6951AFD08AD00569E59 /* HelloWorld.swift in Sources */,
				EB5DC0E01B08739C001FD5A8 /* ScatterExample.swift in Sources */,
				EB5DC1111B094108001FD5A8 /* BarsPlusMinusWithGradientExample.swift in Sources */,
				EB5DB68D1AFD08AD00569E59 /* BarsAndLinesExample.swift in Sources */,
				EB5DB69C1AFD08AD00569E59 /* TargetExample.swift in Sources */,
				EBC533671B00F02600D10448 /* ChartLayerBase.swift in Sources */,
				EB5DB6901AFD08AD00569E59 /* CandleStickInteractiveExample.swift in Sources */,
				EB5DB6921AFD08AD00569E59 /* CubicLinesExample.swift in Sources */,
				EB5DC0DE1B086F93001FD5A8 /* ChartPointsScatterLayer.swift in Sources */,
				EBC533751B00F02600D10448 /* ChartPointCircleView.swift in Sources */,
				EBC533771B00F02600D10448 /* ChartPointTextCircleView.swift in Sources */,
				EBC533701B00F02600D10448 /* ChartShowCoordsLinesLayer.swift in Sources */,
				EB5DC0D61B06995A001FD5A8 /* StackedBarsExample.swift in Sources */,
				EBC5336D1B00F02600D10448 /* ChartPointsSingleViewLayer.swift in Sources */,
				EBC533711B00F02600D10448 /* BubbleView.swift in Sources */,
				EBC533611B00F02600D10448 /* ChartLineDrawer.swift in Sources */,
				EBFA8BE41B054425008A7C36 /* BarsExample.swift in Sources */,
				EBC533681B00F02600D10448 /* ChartPointsAreaLayer.swift in Sources */,
				EB5DC0DC1B086DE1001FD5A8 /* ChartPointBubble.swift in Sources */,
				EB5DC0DA1B078EE3001FD5A8 /* BubbleExample.swift in Sources */,
				EBC533591B00F02600D10448 /* ChartCoordsSpace.swift in Sources */,
				EB5DB6961AFD08AD00569E59 /* MultipleAxesExample.swift in Sources */,
				EBC5334E1B00F02600D10448 /* ChartAxisXLowLayerDefault.swift in Sources */,
				EBC533601B00F02600D10448 /* ChartLabelDrawer.swift in Sources */,
				EBC5335E1B00F02600D10448 /* ChartViewsConflictSolver.swift in Sources */,
				EBC533741B00F02600D10448 /* ChartLinesView.swift in Sources */,
				EBC533761B00F02600D10448 /* ChartPointTargetingView.swift in Sources */,
				EBFA8BEC1B065D08008A7C36 /* ChartPointViewBarStacked.swift in Sources */,
				EBC533641B00F02600D10448 /* ChartDividersLayer.swift in Sources */,
				EBC533491B00F02600D10448 /* ChartAxisLayerDefault.swift in Sources */,
				EB5DB65A1AFD084A00569E59 /* MasterViewController.swift in Sources */,
				EB5DB69A1AFD08AD00569E59 /* NotNumericExample.swift in Sources */,
				EBC533651B00F02600D10448 /* ChartGuideLinesLayer.swift in Sources */,
				EBC533561B00F02600D10448 /* ChartAxisValueInt.swift in Sources */,
				EBC5336B1B00F02600D10448 /* ChartPointsLineLayer.swift in Sources */,
				EBC533661B00F02600D10448 /* ChartLayer.swift in Sources */,
				EBC5334F1B00F02600D10448 /* ChartAxisYHighLayerDefault.swift in Sources */,
				EBC533541B00F02600D10448 /* ChartAxisValueFloat.swift in Sources */,
				EBFA8BE21B052E02008A7C36 /* ChartPointViewBar.swift in Sources */,
				EBC533691B00F02600D10448 /* ChartPointsCandleStickViewsLayer.swift in Sources */,
				EBC5334C1B00F02600D10448 /* ChartAxisXHighLayerDefault.swift in Sources */,
				EBC5336F1B00F02600D10448 /* ChartPointsViewsLayer.swift in Sources */,
				EBC533521B00F02600D10448 /* ChartAxisValue.swift in Sources */,
				EBC5335A1B00F02600D10448 /* ChartLineModel.swift in Sources */,
				EBC5336C1B00F02600D10448 /* ChartPointsLineTrackerLayer.swift in Sources */,
				EBC533551B00F02600D10448 /* ChartAxisValueFloatScreenLoc.swift in Sources */,
				EBC5336A1B00F02600D10448 /* ChartPointsLayer.swift in Sources */,
				EBC533581B00F02600D10448 /* Chart.swift in Sources */,
				EB5DB6581AFD084A00569E59 /* AppDelegate.swift in Sources */,
				EBC533471B00F02600D10448 /* ChartAxisLabel.swift in Sources */,
				EBFA8BEA1B065927008A7C36 /* ChartPointViewBarGreyOut.swift in Sources */,
				EBC5335B1B00F02600D10448 /* ChartPoint.swift in Sources */,
				EB37D6B11AFD1AA10079438D /* Env.swift in Sources */,
				EBC5336E1B00F02600D10448 /* ChartPointsTrackerLayer.swift in Sources */,
				EBC533501B00F02600D10448 /* ChartAxisYLayerDefault.swift in Sources */,
				EBC533511B00F02600D10448 /* ChartAxisYLowLayerDefault.swift in Sources */,
				EBC533481B00F02600D10448 /* ChartAxisLayer.swift in Sources */,
				EBC5335F1B00F02600D10448 /* ChartContextDrawer.swift in Sources */,
			);
			runOnlyForDeploymentPostprocessing = 0;
		};
		EB5DB6651AFD084A00569E59 /* Sources */ = {
			isa = PBXSourcesBuildPhase;
			buildActionMask = 2147483647;
			files = (
				EB5DB6701AFD084A00569E59 /* ExamplesTests.swift in Sources */,
			);
			runOnlyForDeploymentPostprocessing = 0;
		};
/* End PBXSourcesBuildPhase section */

/* Begin PBXTargetDependency section */
		EB5DB66B1AFD084A00569E59 /* PBXTargetDependency */ = {
			isa = PBXTargetDependency;
			target = EB5DB6511AFD084A00569E59 /* Examples */;
			targetProxy = EB5DB66A1AFD084A00569E59 /* PBXContainerItemProxy */;
		};
/* End PBXTargetDependency section */

/* Begin PBXVariantGroup section */
		EB5DB65D1AFD084A00569E59 /* Main.storyboard */ = {
			isa = PBXVariantGroup;
			children = (
				EB5DB65E1AFD084A00569E59 /* Base */,
			);
			name = Main.storyboard;
			sourceTree = "<group>";
		};
		EB5DB6621AFD084A00569E59 /* LaunchScreen.xib */ = {
			isa = PBXVariantGroup;
			children = (
				EB5DB6631AFD084A00569E59 /* Base */,
			);
			name = LaunchScreen.xib;
			sourceTree = "<group>";
		};
/* End PBXVariantGroup section */

/* Begin XCBuildConfiguration section */
		EB5DB6711AFD084A00569E59 /* Debug */ = {
			isa = XCBuildConfiguration;
			buildSettings = {
				ALWAYS_SEARCH_USER_PATHS = NO;
				CLANG_CXX_LANGUAGE_STANDARD = "gnu++0x";
				CLANG_CXX_LIBRARY = "libc++";
				CLANG_ENABLE_MODULES = YES;
				CLANG_ENABLE_OBJC_ARC = YES;
				CLANG_WARN_BOOL_CONVERSION = YES;
				CLANG_WARN_CONSTANT_CONVERSION = YES;
				CLANG_WARN_DIRECT_OBJC_ISA_USAGE = YES_ERROR;
				CLANG_WARN_EMPTY_BODY = YES;
				CLANG_WARN_ENUM_CONVERSION = YES;
				CLANG_WARN_INT_CONVERSION = YES;
				CLANG_WARN_OBJC_ROOT_CLASS = YES_ERROR;
				CLANG_WARN_UNREACHABLE_CODE = YES;
				CLANG_WARN__DUPLICATE_METHOD_MATCH = YES;
				"CODE_SIGN_IDENTITY[sdk=iphoneos*]" = "iPhone Developer";
				COPY_PHASE_STRIP = NO;
				DEBUG_INFORMATION_FORMAT = "dwarf-with-dsym";
				ENABLE_STRICT_OBJC_MSGSEND = YES;
				GCC_C_LANGUAGE_STANDARD = gnu99;
				GCC_DYNAMIC_NO_PIC = NO;
				GCC_NO_COMMON_BLOCKS = YES;
				GCC_OPTIMIZATION_LEVEL = 0;
				GCC_PREPROCESSOR_DEFINITIONS = (
					"DEBUG=1",
					"$(inherited)",
				);
				GCC_SYMBOLS_PRIVATE_EXTERN = NO;
				GCC_WARN_64_TO_32_BIT_CONVERSION = YES;
				GCC_WARN_ABOUT_RETURN_TYPE = YES_ERROR;
				GCC_WARN_UNDECLARED_SELECTOR = YES;
				GCC_WARN_UNINITIALIZED_AUTOS = YES_AGGRESSIVE;
				GCC_WARN_UNUSED_FUNCTION = YES;
				GCC_WARN_UNUSED_VARIABLE = YES;
				IPHONEOS_DEPLOYMENT_TARGET = 7.1;
				MTL_ENABLE_DEBUG_INFO = YES;
				ONLY_ACTIVE_ARCH = YES;
				SDKROOT = iphoneos;
				SWIFT_OPTIMIZATION_LEVEL = "-Onone";
				TARGETED_DEVICE_FAMILY = "1,2";
			};
			name = Debug;
		};
		EB5DB6721AFD084A00569E59 /* Release */ = {
			isa = XCBuildConfiguration;
			buildSettings = {
				ALWAYS_SEARCH_USER_PATHS = NO;
				CLANG_CXX_LANGUAGE_STANDARD = "gnu++0x";
				CLANG_CXX_LIBRARY = "libc++";
				CLANG_ENABLE_MODULES = YES;
				CLANG_ENABLE_OBJC_ARC = YES;
				CLANG_WARN_BOOL_CONVERSION = YES;
				CLANG_WARN_CONSTANT_CONVERSION = YES;
				CLANG_WARN_DIRECT_OBJC_ISA_USAGE = YES_ERROR;
				CLANG_WARN_EMPTY_BODY = YES;
				CLANG_WARN_ENUM_CONVERSION = YES;
				CLANG_WARN_INT_CONVERSION = YES;
				CLANG_WARN_OBJC_ROOT_CLASS = YES_ERROR;
				CLANG_WARN_UNREACHABLE_CODE = YES;
				CLANG_WARN__DUPLICATE_METHOD_MATCH = YES;
				"CODE_SIGN_IDENTITY[sdk=iphoneos*]" = "iPhone Developer";
				COPY_PHASE_STRIP = NO;
				DEBUG_INFORMATION_FORMAT = "dwarf-with-dsym";
				ENABLE_NS_ASSERTIONS = NO;
				ENABLE_STRICT_OBJC_MSGSEND = YES;
				GCC_C_LANGUAGE_STANDARD = gnu99;
				GCC_NO_COMMON_BLOCKS = YES;
				GCC_WARN_64_TO_32_BIT_CONVERSION = YES;
				GCC_WARN_ABOUT_RETURN_TYPE = YES_ERROR;
				GCC_WARN_UNDECLARED_SELECTOR = YES;
				GCC_WARN_UNINITIALIZED_AUTOS = YES_AGGRESSIVE;
				GCC_WARN_UNUSED_FUNCTION = YES;
				GCC_WARN_UNUSED_VARIABLE = YES;
				IPHONEOS_DEPLOYMENT_TARGET = 7.1;
				MTL_ENABLE_DEBUG_INFO = NO;
				SDKROOT = iphoneos;
				TARGETED_DEVICE_FAMILY = "1,2";
				VALIDATE_PRODUCT = YES;
			};
			name = Release;
		};
		EB5DB6741AFD084A00569E59 /* Debug */ = {
			isa = XCBuildConfiguration;
			buildSettings = {
				ASSETCATALOG_COMPILER_APPICON_NAME = AppIcon;
				INFOPLIST_FILE = Examples/Info.plist;
				LD_RUNPATH_SEARCH_PATHS = "$(inherited) @executable_path/Frameworks";
				PRODUCT_NAME = "$(TARGET_NAME)";
			};
			name = Debug;
		};
		EB5DB6751AFD084A00569E59 /* Release */ = {
			isa = XCBuildConfiguration;
			buildSettings = {
				ASSETCATALOG_COMPILER_APPICON_NAME = AppIcon;
				INFOPLIST_FILE = Examples/Info.plist;
				LD_RUNPATH_SEARCH_PATHS = "$(inherited) @executable_path/Frameworks";
				PRODUCT_NAME = "$(TARGET_NAME)";
			};
			name = Release;
		};
		EB5DB6771AFD084A00569E59 /* Debug */ = {
			isa = XCBuildConfiguration;
			buildSettings = {
				BUNDLE_LOADER = "$(TEST_HOST)";
				FRAMEWORK_SEARCH_PATHS = (
					"$(SDKROOT)/Developer/Library/Frameworks",
					"$(inherited)",
				);
				GCC_PREPROCESSOR_DEFINITIONS = (
					"DEBUG=1",
					"$(inherited)",
				);
				INFOPLIST_FILE = ExamplesTests/Info.plist;
				LD_RUNPATH_SEARCH_PATHS = "$(inherited) @executable_path/Frameworks @loader_path/Frameworks";
				PRODUCT_NAME = "$(TARGET_NAME)";
				TEST_HOST = "$(BUILT_PRODUCTS_DIR)/Examples.app/Examples";
			};
			name = Debug;
		};
		EB5DB6781AFD084A00569E59 /* Release */ = {
			isa = XCBuildConfiguration;
			buildSettings = {
				BUNDLE_LOADER = "$(TEST_HOST)";
				FRAMEWORK_SEARCH_PATHS = (
					"$(SDKROOT)/Developer/Library/Frameworks",
					"$(inherited)",
				);
				INFOPLIST_FILE = ExamplesTests/Info.plist;
				LD_RUNPATH_SEARCH_PATHS = "$(inherited) @executable_path/Frameworks @loader_path/Frameworks";
				PRODUCT_NAME = "$(TARGET_NAME)";
				TEST_HOST = "$(BUILT_PRODUCTS_DIR)/Examples.app/Examples";
			};
			name = Release;
		};
/* End XCBuildConfiguration section */

/* Begin XCConfigurationList section */
		EB5DB64D1AFD084A00569E59 /* Build configuration list for PBXProject "Examples" */ = {
			isa = XCConfigurationList;
			buildConfigurations = (
				EB5DB6711AFD084A00569E59 /* Debug */,
				EB5DB6721AFD084A00569E59 /* Release */,
			);
			defaultConfigurationIsVisible = 0;
			defaultConfigurationName = Release;
		};
		EB5DB6731AFD084A00569E59 /* Build configuration list for PBXNativeTarget "Examples" */ = {
			isa = XCConfigurationList;
			buildConfigurations = (
				EB5DB6741AFD084A00569E59 /* Debug */,
				EB5DB6751AFD084A00569E59 /* Release */,
			);
			defaultConfigurationIsVisible = 0;
			defaultConfigurationName = Release;
		};
		EB5DB6761AFD084A00569E59 /* Build configuration list for PBXNativeTarget "ExamplesTests" */ = {
			isa = XCConfigurationList;
			buildConfigurations = (
				EB5DB6771AFD084A00569E59 /* Debug */,
				EB5DB6781AFD084A00569E59 /* Release */,
			);
			defaultConfigurationIsVisible = 0;
			defaultConfigurationName = Release;
		};
/* End XCConfigurationList section */
	};
	rootObject = EB5DB64A1AFD084A00569E59 /* Project object */;
}
